<?xml version="1.0" encoding="UTF-8"?>
<!DOCTYPE plist PUBLIC "-//Apple//DTD PLIST 1.0//EN" "http://www.apple.com/DTDs/PropertyList-1.0.dtd">
<plist version="1.0">
<dict>
	<key>archiveVersion</key>
	<string>1</string>
	<key>classes</key>
	<dict/>
	<key>objectVersion</key>
	<string>46</string>
	<key>objects</key>
	<dict>
		<key>49203EDD193F037700462AC8</key>
		<dict>
			<key>children</key>
			<array>
				<string>4921B967193E29B1008433B5</string>
				<string>4921B969193E2C4C008433B5</string>
			</array>
			<key>isa</key>
			<string>PBXGroup</string>
			<key>name</key>
			<string>Assets</string>
			<key>path</key>
			<string>Assets</string>
			<key>sourceTree</key>
			<string>&lt;group&gt;</string>
		</dict>
		<key>49203EDE193F038900462AC8</key>
		<dict>
			<key>children</key>
			<array>
				<string>4921B95B193E047B008433B5</string>
			</array>
			<key>isa</key>
			<string>PBXGroup</string>
			<key>name</key>
			<string>View</string>
			<key>path</key>
			<string>View</string>
			<key>sourceTree</key>
			<string>&lt;group&gt;</string>
		</dict>
		<key>4921B916193DC393008433B5</key>
		<dict>
			<key>fileEncoding</key>
			<string>4</string>
			<key>isa</key>
			<string>PBXFileReference</string>
			<key>lastKnownFileType</key>
			<string>sourcecode.c.h</string>
			<key>path</key>
			<string>Person.h</string>
			<key>sourceTree</key>
			<string>&lt;group&gt;</string>
		</dict>
		<key>4921B917193DC393008433B5</key>
		<dict>
			<key>fileEncoding</key>
			<string>4</string>
			<key>isa</key>
			<string>PBXFileReference</string>
			<key>lastKnownFileType</key>
			<string>sourcecode.c.objc</string>
			<key>path</key>
			<string>Person.m</string>
			<key>sourceTree</key>
			<string>&lt;group&gt;</string>
		</dict>
		<key>4921B918193DC393008433B5</key>
		<dict>
			<key>fileRef</key>
			<string>4921B917193DC393008433B5</string>
			<key>isa</key>
			<string>PBXBuildFile</string>
		</dict>
		<key>4921B919193DC47A008433B5</key>
		<dict>
			<key>children</key>
			<array>
				<string>4921B958193DEA6C008433B5</string>
				<string>4921B959193DEA6C008433B5</string>
				<string>49D4F815193CD20F007F278C</string>
				<string>49D4F816193CD20F007F278C</string>
				<string>4921B916193DC393008433B5</string>
				<string>4921B917193DC393008433B5</string>
			</array>
			<key>isa</key>
			<string>PBXGroup</string>
			<key>name</key>
			<string>Model</string>
			<key>path</key>
			<string>Model</string>
			<key>sourceTree</key>
			<string>&lt;group&gt;</string>
		</dict>
		<key>4921B958193DEA6C008433B5</key>
		<dict>
			<key>fileEncoding</key>
			<string>4</string>
			<key>isa</key>
			<string>PBXFileReference</string>
			<key>lastKnownFileType</key>
			<string>sourcecode.c.h</string>
			<key>path</key>
			<string>EuroConverter.h</string>
			<key>sourceTree</key>
			<string>&lt;group&gt;</string>
		</dict>
		<key>4921B959193DEA6C008433B5</key>
		<dict>
			<key>fileEncoding</key>
			<string>4</string>
			<key>isa</key>
			<string>PBXFileReference</string>
			<key>lastKnownFileType</key>
			<string>sourcecode.c.objc</string>
			<key>path</key>
			<string>EuroConverter.m</string>
			<key>sourceTree</key>
			<string>&lt;group&gt;</string>
		</dict>
		<key>4921B95A193DEA6C008433B5</key>
		<dict>
			<key>fileRef</key>
			<string>4921B959193DEA6C008433B5</string>
			<key>isa</key>
			<string>PBXBuildFile</string>
		</dict>
		<key>4921B95B193E047B008433B5</key>
		<dict>
			<key>fileEncoding</key>
			<string>4</string>
			<key>isa</key>
			<string>PBXFileReference</string>
			<key>lastKnownFileType</key>
			<string>file.storyboard</string>
			<key>path</key>
			<string>Storyboard.storyboard</string>
			<key>sourceTree</key>
			<string>&lt;group&gt;</string>
		</dict>
		<key>4921B95C193E047B008433B5</key>
		<dict>
			<key>fileRef</key>
			<string>4921B95B193E047B008433B5</string>
			<key>isa</key>
			<string>PBXBuildFile</string>
		</dict>
		<key>4921B95D193E0B8A008433B5</key>
		<dict>
			<key>fileEncoding</key>
			<string>4</string>
			<key>isa</key>
			<string>PBXFileReference</string>
			<key>lastKnownFileType</key>
			<string>sourcecode.c.h</string>
			<key>path</key>
			<string>EuroCalculatorViewController.h</string>
			<key>sourceTree</key>
			<string>&lt;group&gt;</string>
		</dict>
		<key>4921B95E193E0B8A008433B5</key>
		<dict>
			<key>fileEncoding</key>
			<string>4</string>
			<key>isa</key>
			<string>PBXFileReference</string>
			<key>lastKnownFileType</key>
			<string>sourcecode.c.objc</string>
			<key>path</key>
			<string>EuroCalculatorViewController.m</string>
			<key>sourceTree</key>
			<string>&lt;group&gt;</string>
		</dict>
		<key>4921B95F193E0B8A008433B5</key>
		<dict>
			<key>fileRef</key>
			<string>4921B95E193E0B8A008433B5</string>
			<key>isa</key>
			<string>PBXBuildFile</string>
		</dict>
		<key>4921B960193E0CAC008433B5</key>
		<dict>
			<key>fileEncoding</key>
			<string>4</string>
			<key>isa</key>
			<string>PBXFileReference</string>
			<key>lastKnownFileType</key>
			<string>sourcecode.c.h</string>
			<key>path</key>
			<string>EuroConverterViewController.h</string>
			<key>sourceTree</key>
			<string>&lt;group&gt;</string>
		</dict>
		<key>4921B961193E0CAC008433B5</key>
		<dict>
			<key>fileEncoding</key>
			<string>4</string>
			<key>isa</key>
			<string>PBXFileReference</string>
			<key>lastKnownFileType</key>
			<string>sourcecode.c.objc</string>
			<key>path</key>
			<string>EuroConverterViewController.m</string>
			<key>sourceTree</key>
			<string>&lt;group&gt;</string>
		</dict>
		<key>4921B962193E0CAC008433B5</key>
		<dict>
			<key>fileRef</key>
			<string>4921B961193E0CAC008433B5</string>
			<key>isa</key>
			<string>PBXBuildFile</string>
		</dict>
		<key>4921B963193E25DC008433B5</key>
		<dict>
			<key>fileEncoding</key>
			<string>4</string>
			<key>isa</key>
			<string>PBXFileReference</string>
			<key>lastKnownFileType</key>
			<string>sourcecode.c.h</string>
			<key>path</key>
			<string>AlphaViewController.h</string>
			<key>sourceTree</key>
			<string>&lt;group&gt;</string>
		</dict>
		<key>4921B964193E25DC008433B5</key>
		<dict>
			<key>fileEncoding</key>
			<string>4</string>
			<key>isa</key>
			<string>PBXFileReference</string>
			<key>lastKnownFileType</key>
			<string>sourcecode.c.objc</string>
			<key>path</key>
			<string>AlphaViewController.m</string>
			<key>sourceTree</key>
			<string>&lt;group&gt;</string>
		</dict>
		<key>4921B965193E25DC008433B5</key>
		<dict>
			<key>fileRef</key>
			<string>4921B964193E25DC008433B5</string>
			<key>isa</key>
			<string>PBXBuildFile</string>
		</dict>
		<key>4921B966193E2835008433B5</key>
		<dict>
			<key>children</key>
			<array>
				<string>4921B963193E25DC008433B5</string>
				<string>4921B964193E25DC008433B5</string>
				<string>4921B960193E0CAC008433B5</string>
				<string>4921B961193E0CAC008433B5</string>
				<string>4921B95D193E0B8A008433B5</string>
				<string>4921B95E193E0B8A008433B5</string>
			</array>
			<key>isa</key>
			<string>PBXGroup</string>
			<key>name</key>
			<string>Controller</string>
			<key>path</key>
			<string>Controller</string>
			<key>sourceTree</key>
			<string>&lt;group&gt;</string>
		</dict>
		<key>4921B967193E29B1008433B5</key>
		<dict>
			<key>isa</key>
			<string>PBXFileReference</string>
			<key>lastKnownFileType</key>
			<string>image.jpeg</string>
			<key>path</key>
			<string>fondo_hd_169_fringe_manzana.jpg</string>
			<key>sourceTree</key>
			<string>&lt;group&gt;</string>
		</dict>
		<key>4921B968193E29B1008433B5</key>
		<dict>
			<key>fileRef</key>
			<string>4921B967193E29B1008433B5</string>
			<key>isa</key>
			<string>PBXBuildFile</string>
		</dict>
		<key>4921B969193E2C4C008433B5</key>
		<dict>
			<key>isa</key>
			<string>PBXFileReference</string>
			<key>lastKnownFileType</key>
			<string>image.jpeg</string>
			<key>path</key>
			<string>18482076b4ee86abbdd6d39cfd2cbf2dc363a0a2.jpg</string>
			<key>sourceTree</key>
			<string>&lt;group&gt;</string>
		</dict>
		<key>4921B96A193E2C4C008433B5</key>
		<dict>
			<key>fileRef</key>
			<string>4921B969193E2C4C008433B5</string>
			<key>isa</key>
			<string>PBXBuildFile</string>
		</dict>
		<key>49D4F7DA193CD030007F278C</key>
		<dict>
			<key>children</key>
			<array>
				<string>49D4F7EC193CD030007F278C</string>
				<string>49D4F805193CD030007F278C</string>
				<string>49D4F7E5193CD030007F278C</string>
				<string>49D4F7E4193CD030007F278C</string>
			</array>
			<key>isa</key>
			<string>PBXGroup</string>
			<key>sourceTree</key>
			<string>&lt;group&gt;</string>
		</dict>
		<key>49D4F7DB193CD030007F278C</key>
		<dict>
			<key>attributes</key>
			<dict>
				<key>LastUpgradeCheck</key>
				<string>0510</string>
				<key>ORGANIZATIONNAME</key>
				<string>ironhack</string>
				<key>TargetAttributes</key>
				<dict>
					<key>49D4F7FD193CD030007F278C</key>
					<dict>
						<key>TestTargetID</key>
						<string>49D4F7E2193CD030007F278C</string>
					</dict>
				</dict>
			</dict>
			<key>buildConfigurationList</key>
			<string>49D4F7DE193CD030007F278C</string>
			<key>compatibilityVersion</key>
			<string>Xcode 3.2</string>
			<key>developmentRegion</key>
			<string>English</string>
			<key>hasScannedForEncodings</key>
			<string>0</string>
			<key>isa</key>
			<string>PBXProject</string>
			<key>knownRegions</key>
			<array>
				<string>en</string>
			</array>
			<key>mainGroup</key>
			<string>49D4F7DA193CD030007F278C</string>
			<key>productRefGroup</key>
			<string>49D4F7E4193CD030007F278C</string>
			<key>projectDirPath</key>
			<string></string>
			<key>projectReferences</key>
			<array/>
			<key>projectRoot</key>
			<string></string>
			<key>targets</key>
			<array>
				<string>49D4F7E2193CD030007F278C</string>
				<string>49D4F7FD193CD030007F278C</string>
			</array>
		</dict>
		<key>49D4F7DE193CD030007F278C</key>
		<dict>
			<key>buildConfigurations</key>
			<array>
				<string>49D4F80D193CD030007F278C</string>
				<string>49D4F80E193CD030007F278C</string>
			</array>
			<key>defaultConfigurationIsVisible</key>
			<string>0</string>
			<key>defaultConfigurationName</key>
			<string>Release</string>
			<key>isa</key>
			<string>XCConfigurationList</string>
		</dict>
		<key>49D4F7DF193CD030007F278C</key>
		<dict>
			<key>buildActionMask</key>
			<string>2147483647</string>
			<key>files</key>
			<array>
				<string>49D4F817193CD20F007F278C</string>
				<string>4921B95F193E0B8A008433B5</string>
				<string>4921B962193E0CAC008433B5</string>
				<string>49D4F7F7193CD030007F278C</string>
				<string>4921B918193DC393008433B5</string>
				<string>4921B965193E25DC008433B5</string>
				<string>4921B95A193DEA6C008433B5</string>
				<string>49D4F7F3193CD030007F278C</string>
			</array>
			<key>isa</key>
			<string>PBXSourcesBuildPhase</string>
			<key>runOnlyForDeploymentPostprocessing</key>
			<string>0</string>
		</dict>
		<key>49D4F7E0193CD030007F278C</key>
		<dict>
			<key>buildActionMask</key>
			<string>2147483647</string>
			<key>files</key>
			<array>
				<string>49D4F7E9193CD030007F278C</string>
				<string>49D4F7EB193CD030007F278C</string>
				<string>49D4F7E7193CD030007F278C</string>
			</array>
			<key>isa</key>
			<string>PBXFrameworksBuildPhase</string>
			<key>runOnlyForDeploymentPostprocessing</key>
			<string>0</string>
		</dict>
		<key>49D4F7E1193CD030007F278C</key>
		<dict>
			<key>buildActionMask</key>
			<string>2147483647</string>
			<key>files</key>
			<array>
				<string>49D4F7F1193CD030007F278C</string>
				<string>4921B968193E29B1008433B5</string>
				<string>49D4F7F9193CD030007F278C</string>
				<string>4921B95C193E047B008433B5</string>
				<string>4921B96A193E2C4C008433B5</string>
			</array>
			<key>isa</key>
			<string>PBXResourcesBuildPhase</string>
			<key>runOnlyForDeploymentPostprocessing</key>
			<string>0</string>
		</dict>
		<key>49D4F7E2193CD030007F278C</key>
		<dict>
			<key>buildConfigurationList</key>
			<string>49D4F80F193CD030007F278C</string>
			<key>buildPhases</key>
			<array>
				<string>49D4F7DF193CD030007F278C</string>
				<string>49D4F7E0193CD030007F278C</string>
				<string>49D4F7E1193CD030007F278C</string>
			</array>
			<key>buildRules</key>
			<array/>
			<key>dependencies</key>
			<array/>
			<key>isa</key>
			<string>PBXNativeTarget</string>
			<key>name</key>
			<string>Beers</string>
			<key>productName</key>
			<string>Beers</string>
			<key>productReference</key>
			<string>49D4F7E3193CD030007F278C</string>
			<key>productType</key>
			<string>com.apple.product-type.application</string>
		</dict>
		<key>49D4F7E3193CD030007F278C</key>
		<dict>
			<key>explicitFileType</key>
			<string>wrapper.application</string>
			<key>includeInIndex</key>
			<string>0</string>
			<key>isa</key>
			<string>PBXFileReference</string>
			<key>path</key>
			<string>Beers.app</string>
			<key>sourceTree</key>
			<string>BUILT_PRODUCTS_DIR</string>
		</dict>
		<key>49D4F7E4193CD030007F278C</key>
		<dict>
			<key>children</key>
			<array>
				<string>49D4F7E3193CD030007F278C</string>
				<string>49D4F7FE193CD030007F278C</string>
			</array>
			<key>isa</key>
			<string>PBXGroup</string>
			<key>name</key>
			<string>Products</string>
			<key>sourceTree</key>
			<string>&lt;group&gt;</string>
		</dict>
		<key>49D4F7E5193CD030007F278C</key>
		<dict>
			<key>children</key>
			<array>
				<string>49D4F7E6193CD030007F278C</string>
				<string>49D4F7E8193CD030007F278C</string>
				<string>49D4F7EA193CD030007F278C</string>
				<string>49D4F7FF193CD030007F278C</string>
			</array>
			<key>isa</key>
			<string>PBXGroup</string>
			<key>name</key>
			<string>Frameworks</string>
			<key>sourceTree</key>
			<string>&lt;group&gt;</string>
		</dict>
		<key>49D4F7E6193CD030007F278C</key>
		<dict>
			<key>isa</key>
			<string>PBXFileReference</string>
			<key>lastKnownFileType</key>
			<string>wrapper.framework</string>
			<key>name</key>
			<string>Foundation.framework</string>
			<key>path</key>
			<string>System/Library/Frameworks/Foundation.framework</string>
			<key>sourceTree</key>
			<string>SDKROOT</string>
		</dict>
		<key>49D4F7E7193CD030007F278C</key>
		<dict>
			<key>fileRef</key>
			<string>49D4F7E6193CD030007F278C</string>
			<key>isa</key>
			<string>PBXBuildFile</string>
		</dict>
		<key>49D4F7E8193CD030007F278C</key>
		<dict>
			<key>isa</key>
			<string>PBXFileReference</string>
			<key>lastKnownFileType</key>
			<string>wrapper.framework</string>
			<key>name</key>
			<string>CoreGraphics.framework</string>
			<key>path</key>
			<string>System/Library/Frameworks/CoreGraphics.framework</string>
			<key>sourceTree</key>
			<string>SDKROOT</string>
		</dict>
		<key>49D4F7E9193CD030007F278C</key>
		<dict>
			<key>fileRef</key>
			<string>49D4F7E8193CD030007F278C</string>
			<key>isa</key>
			<string>PBXBuildFile</string>
		</dict>
		<key>49D4F7EA193CD030007F278C</key>
		<dict>
			<key>isa</key>
			<string>PBXFileReference</string>
			<key>lastKnownFileType</key>
			<string>wrapper.framework</string>
			<key>name</key>
			<string>UIKit.framework</string>
			<key>path</key>
			<string>System/Library/Frameworks/UIKit.framework</string>
			<key>sourceTree</key>
			<string>SDKROOT</string>
		</dict>
		<key>49D4F7EB193CD030007F278C</key>
		<dict>
			<key>fileRef</key>
			<string>49D4F7EA193CD030007F278C</string>
			<key>isa</key>
			<string>PBXBuildFile</string>
		</dict>
		<key>49D4F7EC193CD030007F278C</key>
		<dict>
			<key>children</key>
			<array>
				<string>49203EDD193F037700462AC8</string>
				<string>49D4F7F5193CD030007F278C</string>
				<string>49D4F7F6193CD030007F278C</string>
				<string>49203EDE193F038900462AC8</string>
				<string>4921B966193E2835008433B5</string>
				<string>4921B919193DC47A008433B5</string>
				<string>49D4F7F8193CD030007F278C</string>
				<string>49D4F7ED193CD030007F278C</string>
			</array>
			<key>isa</key>
			<string>PBXGroup</string>
			<key>path</key>
			<string>Beers</string>
			<key>sourceTree</key>
			<string>&lt;group&gt;</string>
		</dict>
		<key>49D4F7ED193CD030007F278C</key>
		<dict>
			<key>children</key>
			<array>
				<string>49D4F7EE193CD030007F278C</string>
				<string>49D4F7EF193CD030007F278C</string>
				<string>49D4F7F2193CD030007F278C</string>
				<string>49D4F7F4193CD030007F278C</string>
			</array>
			<key>isa</key>
			<string>PBXGroup</string>
			<key>name</key>
			<string>Supporting Files</string>
			<key>path</key>
			<string>Supporting Files</string>
			<key>sourceTree</key>
			<string>&lt;group&gt;</string>
		</dict>
		<key>49D4F7EE193CD030007F278C</key>
		<dict>
			<key>isa</key>
			<string>PBXFileReference</string>
			<key>lastKnownFileType</key>
			<string>text.plist.xml</string>
			<key>path</key>
			<string>Beers-Info.plist</string>
			<key>sourceTree</key>
			<string>&lt;group&gt;</string>
		</dict>
		<key>49D4F7EF193CD030007F278C</key>
		<dict>
			<key>children</key>
			<array>
				<string>49D4F7F0193CD030007F278C</string>
			</array>
			<key>isa</key>
			<string>PBXVariantGroup</string>
			<key>name</key>
			<string>InfoPlist.strings</string>
			<key>sourceTree</key>
			<string>&lt;group&gt;</string>
		</dict>
		<key>49D4F7F0193CD030007F278C</key>
		<dict>
			<key>isa</key>
			<string>PBXFileReference</string>
			<key>lastKnownFileType</key>
			<string>text.plist.strings</string>
			<key>name</key>
			<string>en</string>
			<key>path</key>
			<string>en.lproj/InfoPlist.strings</string>
			<key>sourceTree</key>
			<string>&lt;group&gt;</string>
		</dict>
		<key>49D4F7F1193CD030007F278C</key>
		<dict>
			<key>fileRef</key>
			<string>49D4F7EF193CD030007F278C</string>
			<key>isa</key>
			<string>PBXBuildFile</string>
		</dict>
		<key>49D4F7F2193CD030007F278C</key>
		<dict>
			<key>isa</key>
			<string>PBXFileReference</string>
			<key>lastKnownFileType</key>
			<string>sourcecode.c.objc</string>
			<key>path</key>
			<string>main.m</string>
			<key>sourceTree</key>
			<string>&lt;group&gt;</string>
		</dict>
		<key>49D4F7F3193CD030007F278C</key>
		<dict>
			<key>fileRef</key>
			<string>49D4F7F2193CD030007F278C</string>
			<key>isa</key>
			<string>PBXBuildFile</string>
		</dict>
		<key>49D4F7F4193CD030007F278C</key>
		<dict>
			<key>isa</key>
			<string>PBXFileReference</string>
			<key>lastKnownFileType</key>
			<string>sourcecode.c.h</string>
			<key>path</key>
			<string>Beers-Prefix.pch</string>
			<key>sourceTree</key>
			<string>&lt;group&gt;</string>
		</dict>
		<key>49D4F7F5193CD030007F278C</key>
		<dict>
			<key>isa</key>
			<string>PBXFileReference</string>
			<key>lastKnownFileType</key>
			<string>sourcecode.c.h</string>
			<key>path</key>
			<string>AppDelegate.h</string>
			<key>sourceTree</key>
			<string>&lt;group&gt;</string>
		</dict>
		<key>49D4F7F6193CD030007F278C</key>
		<dict>
			<key>isa</key>
			<string>PBXFileReference</string>
			<key>lastKnownFileType</key>
			<string>sourcecode.c.objc</string>
			<key>path</key>
			<string>AppDelegate.m</string>
			<key>sourceTree</key>
			<string>&lt;group&gt;</string>
		</dict>
		<key>49D4F7F7193CD030007F278C</key>
		<dict>
			<key>fileRef</key>
			<string>49D4F7F6193CD030007F278C</string>
			<key>isa</key>
			<string>PBXBuildFile</string>
		</dict>
		<key>49D4F7F8193CD030007F278C</key>
		<dict>
			<key>isa</key>
			<string>PBXFileReference</string>
			<key>lastKnownFileType</key>
			<string>folder.assetcatalog</string>
			<key>path</key>
			<string>Images.xcassets</string>
			<key>sourceTree</key>
			<string>&lt;group&gt;</string>
		</dict>
		<key>49D4F7F9193CD030007F278C</key>
		<dict>
			<key>fileRef</key>
			<string>49D4F7F8193CD030007F278C</string>
			<key>isa</key>
			<string>PBXBuildFile</string>
		</dict>
		<key>49D4F7FA193CD030007F278C</key>
		<dict>
			<key>buildActionMask</key>
			<string>2147483647</string>
			<key>files</key>
			<array>
				<string>49D4F80C193CD030007F278C</string>
			</array>
			<key>isa</key>
			<string>PBXSourcesBuildPhase</string>
			<key>runOnlyForDeploymentPostprocessing</key>
			<string>0</string>
		</dict>
		<key>49D4F7FB193CD030007F278C</key>
		<dict>
			<key>buildActionMask</key>
			<string>2147483647</string>
			<key>files</key>
			<array>
				<string>49D4F800193CD030007F278C</string>
				<string>49D4F802193CD030007F278C</string>
				<string>49D4F801193CD030007F278C</string>
			</array>
			<key>isa</key>
			<string>PBXFrameworksBuildPhase</string>
			<key>runOnlyForDeploymentPostprocessing</key>
			<string>0</string>
		</dict>
		<key>49D4F7FC193CD030007F278C</key>
		<dict>
			<key>buildActionMask</key>
			<string>2147483647</string>
			<key>files</key>
			<array>
				<string>49D4F80A193CD030007F278C</string>
			</array>
			<key>isa</key>
			<string>PBXResourcesBuildPhase</string>
			<key>runOnlyForDeploymentPostprocessing</key>
			<string>0</string>
		</dict>
		<key>49D4F7FD193CD030007F278C</key>
		<dict>
			<key>buildConfigurationList</key>
			<string>49D4F812193CD030007F278C</string>
			<key>buildPhases</key>
			<array>
				<string>49D4F7FA193CD030007F278C</string>
				<string>49D4F7FB193CD030007F278C</string>
				<string>49D4F7FC193CD030007F278C</string>
			</array>
			<key>buildRules</key>
			<array/>
			<key>dependencies</key>
			<array>
				<string>49D4F804193CD030007F278C</string>
			</array>
			<key>isa</key>
			<string>PBXNativeTarget</string>
			<key>name</key>
			<string>BeersTests</string>
			<key>productName</key>
			<string>BeersTests</string>
			<key>productReference</key>
			<string>49D4F7FE193CD030007F278C</string>
			<key>productType</key>
			<string>com.apple.product-type.bundle.unit-test</string>
		</dict>
		<key>49D4F7FE193CD030007F278C</key>
		<dict>
			<key>explicitFileType</key>
			<string>wrapper.cfbundle</string>
			<key>includeInIndex</key>
			<string>0</string>
			<key>isa</key>
			<string>PBXFileReference</string>
			<key>path</key>
			<string>BeersTests.xctest</string>
			<key>sourceTree</key>
			<string>BUILT_PRODUCTS_DIR</string>
		</dict>
		<key>49D4F7FF193CD030007F278C</key>
		<dict>
			<key>isa</key>
			<string>PBXFileReference</string>
			<key>lastKnownFileType</key>
			<string>wrapper.framework</string>
			<key>name</key>
			<string>XCTest.framework</string>
			<key>path</key>
			<string>Library/Frameworks/XCTest.framework</string>
			<key>sourceTree</key>
			<string>DEVELOPER_DIR</string>
		</dict>
		<key>49D4F800193CD030007F278C</key>
		<dict>
			<key>fileRef</key>
			<string>49D4F7FF193CD030007F278C</string>
			<key>isa</key>
			<string>PBXBuildFile</string>
		</dict>
		<key>49D4F801193CD030007F278C</key>
		<dict>
			<key>fileRef</key>
			<string>49D4F7E6193CD030007F278C</string>
			<key>isa</key>
			<string>PBXBuildFile</string>
		</dict>
		<key>49D4F802193CD030007F278C</key>
		<dict>
			<key>fileRef</key>
			<string>49D4F7EA193CD030007F278C</string>
			<key>isa</key>
			<string>PBXBuildFile</string>
		</dict>
		<key>49D4F803193CD030007F278C</key>
		<dict>
			<key>containerPortal</key>
			<string>49D4F7DB193CD030007F278C</string>
			<key>isa</key>
			<string>PBXContainerItemProxy</string>
			<key>proxyType</key>
			<string>1</string>
			<key>remoteGlobalIDString</key>
			<string>49D4F7E2193CD030007F278C</string>
			<key>remoteInfo</key>
			<string>Beers</string>
		</dict>
		<key>49D4F804193CD030007F278C</key>
		<dict>
			<key>isa</key>
			<string>PBXTargetDependency</string>
			<key>target</key>
			<string>49D4F7E2193CD030007F278C</string>
			<key>targetProxy</key>
			<string>49D4F803193CD030007F278C</string>
		</dict>
		<key>49D4F805193CD030007F278C</key>
		<dict>
			<key>children</key>
			<array>
				<string>49D4F80B193CD030007F278C</string>
				<string>49D4F806193CD030007F278C</string>
			</array>
			<key>isa</key>
			<string>PBXGroup</string>
			<key>path</key>
			<string>BeersTests</string>
			<key>sourceTree</key>
			<string>&lt;group&gt;</string>
		</dict>
		<key>49D4F806193CD030007F278C</key>
		<dict>
			<key>children</key>
			<array>
				<string>49D4F807193CD030007F278C</string>
				<string>49D4F808193CD030007F278C</string>
			</array>
			<key>isa</key>
			<string>PBXGroup</string>
			<key>name</key>
			<string>Supporting Files</string>
			<key>path</key>
			<string>Supporting Files</string>
			<key>sourceTree</key>
			<string>&lt;group&gt;</string>
		</dict>
		<key>49D4F807193CD030007F278C</key>
		<dict>
			<key>isa</key>
			<string>PBXFileReference</string>
			<key>lastKnownFileType</key>
			<string>text.plist.xml</string>
			<key>path</key>
			<string>BeersTests-Info.plist</string>
			<key>sourceTree</key>
			<string>&lt;group&gt;</string>
		</dict>
		<key>49D4F808193CD030007F278C</key>
		<dict>
			<key>children</key>
			<array>
				<string>49D4F809193CD030007F278C</string>
			</array>
			<key>isa</key>
			<string>PBXVariantGroup</string>
			<key>name</key>
			<string>InfoPlist.strings</string>
			<key>sourceTree</key>
			<string>&lt;group&gt;</string>
		</dict>
		<key>49D4F809193CD030007F278C</key>
		<dict>
			<key>isa</key>
			<string>PBXFileReference</string>
			<key>lastKnownFileType</key>
			<string>text.plist.strings</string>
			<key>name</key>
			<string>en</string>
			<key>path</key>
			<string>en.lproj/InfoPlist.strings</string>
			<key>sourceTree</key>
			<string>&lt;group&gt;</string>
		</dict>
		<key>49D4F80A193CD030007F278C</key>
		<dict>
			<key>fileRef</key>
			<string>49D4F808193CD030007F278C</string>
			<key>isa</key>
			<string>PBXBuildFile</string>
		</dict>
		<key>49D4F80B193CD030007F278C</key>
		<dict>
			<key>isa</key>
			<string>PBXFileReference</string>
			<key>lastKnownFileType</key>
			<string>sourcecode.c.objc</string>
			<key>path</key>
			<string>BeersTests.m</string>
			<key>sourceTree</key>
			<string>&lt;group&gt;</string>
		</dict>
		<key>49D4F80C193CD030007F278C</key>
		<dict>
			<key>fileRef</key>
			<string>49D4F80B193CD030007F278C</string>
			<key>isa</key>
			<string>PBXBuildFile</string>
		</dict>
		<key>49D4F80D193CD030007F278C</key>
		<dict>
			<key>buildSettings</key>
			<dict>
				<key>ALWAYS_SEARCH_USER_PATHS</key>
				<string>NO</string>
				<key>CLANG_CXX_LANGUAGE_STANDARD</key>
				<string>gnu++0x</string>
				<key>CLANG_CXX_LIBRARY</key>
				<string>libc++</string>
				<key>CLANG_ENABLE_MODULES</key>
				<string>YES</string>
				<key>CLANG_ENABLE_OBJC_ARC</key>
				<string>YES</string>
				<key>CLANG_WARN_BOOL_CONVERSION</key>
				<string>YES</string>
				<key>CLANG_WARN_CONSTANT_CONVERSION</key>
				<string>YES</string>
				<key>CLANG_WARN_DIRECT_OBJC_ISA_USAGE</key>
				<string>YES_ERROR</string>
				<key>CLANG_WARN_EMPTY_BODY</key>
				<string>YES</string>
				<key>CLANG_WARN_ENUM_CONVERSION</key>
				<string>YES</string>
				<key>CLANG_WARN_INT_CONVERSION</key>
				<string>YES</string>
				<key>CLANG_WARN_OBJC_ROOT_CLASS</key>
				<string>YES_ERROR</string>
				<key>CLANG_WARN__DUPLICATE_METHOD_MATCH</key>
				<string>YES</string>
				<key>CODE_SIGN_IDENTITY[sdk=iphoneos*]</key>
				<string>iPhone Developer</string>
				<key>COPY_PHASE_STRIP</key>
				<string>NO</string>
				<key>GCC_C_LANGUAGE_STANDARD</key>
				<string>gnu99</string>
				<key>GCC_DYNAMIC_NO_PIC</key>
				<string>NO</string>
				<key>GCC_OPTIMIZATION_LEVEL</key>
				<string>0</string>
				<key>GCC_PREPROCESSOR_DEFINITIONS</key>
				<array>
					<string>DEBUG=1</string>
					<string>$(inherited)</string>
				</array>
				<key>GCC_SYMBOLS_PRIVATE_EXTERN</key>
				<string>NO</string>
				<key>GCC_WARN_64_TO_32_BIT_CONVERSION</key>
				<string>YES</string>
				<key>GCC_WARN_ABOUT_RETURN_TYPE</key>
				<string>YES_ERROR</string>
				<key>GCC_WARN_UNDECLARED_SELECTOR</key>
				<string>YES</string>
				<key>GCC_WARN_UNINITIALIZED_AUTOS</key>
				<string>YES_AGGRESSIVE</string>
				<key>GCC_WARN_UNUSED_FUNCTION</key>
				<string>YES</string>
				<key>GCC_WARN_UNUSED_VARIABLE</key>
				<string>YES</string>
				<key>IPHONEOS_DEPLOYMENT_TARGET</key>
				<string>7.1</string>
				<key>ONLY_ACTIVE_ARCH</key>
				<string>YES</string>
				<key>SDKROOT</key>
				<string>iphoneos</string>
			</dict>
			<key>isa</key>
			<string>XCBuildConfiguration</string>
			<key>name</key>
			<string>Debug</string>
		</dict>
		<key>49D4F80E193CD030007F278C</key>
		<dict>
			<key>buildSettings</key>
			<dict>
				<key>ALWAYS_SEARCH_USER_PATHS</key>
				<string>NO</string>
				<key>CLANG_CXX_LANGUAGE_STANDARD</key>
				<string>gnu++0x</string>
				<key>CLANG_CXX_LIBRARY</key>
				<string>libc++</string>
				<key>CLANG_ENABLE_MODULES</key>
				<string>YES</string>
				<key>CLANG_ENABLE_OBJC_ARC</key>
				<string>YES</string>
				<key>CLANG_WARN_BOOL_CONVERSION</key>
				<string>YES</string>
				<key>CLANG_WARN_CONSTANT_CONVERSION</key>
				<string>YES</string>
				<key>CLANG_WARN_DIRECT_OBJC_ISA_USAGE</key>
				<string>YES_ERROR</string>
				<key>CLANG_WARN_EMPTY_BODY</key>
				<string>YES</string>
				<key>CLANG_WARN_ENUM_CONVERSION</key>
				<string>YES</string>
				<key>CLANG_WARN_INT_CONVERSION</key>
				<string>YES</string>
				<key>CLANG_WARN_OBJC_ROOT_CLASS</key>
				<string>YES_ERROR</string>
				<key>CLANG_WARN__DUPLICATE_METHOD_MATCH</key>
				<string>YES</string>
				<key>CODE_SIGN_IDENTITY[sdk=iphoneos*]</key>
				<string>iPhone Developer</string>
				<key>COPY_PHASE_STRIP</key>
				<string>YES</string>
				<key>ENABLE_NS_ASSERTIONS</key>
				<string>NO</string>
				<key>GCC_C_LANGUAGE_STANDARD</key>
				<string>gnu99</string>
				<key>GCC_WARN_64_TO_32_BIT_CONVERSION</key>
				<string>YES</string>
				<key>GCC_WARN_ABOUT_RETURN_TYPE</key>
				<string>YES_ERROR</string>
				<key>GCC_WARN_UNDECLARED_SELECTOR</key>
				<string>YES</string>
				<key>GCC_WARN_UNINITIALIZED_AUTOS</key>
				<string>YES_AGGRESSIVE</string>
				<key>GCC_WARN_UNUSED_FUNCTION</key>
				<string>YES</string>
				<key>GCC_WARN_UNUSED_VARIABLE</key>
				<string>YES</string>
				<key>IPHONEOS_DEPLOYMENT_TARGET</key>
				<string>7.1</string>
				<key>SDKROOT</key>
				<string>iphoneos</string>
				<key>VALIDATE_PRODUCT</key>
				<string>YES</string>
			</dict>
			<key>isa</key>
			<string>XCBuildConfiguration</string>
			<key>name</key>
			<string>Release</string>
		</dict>
		<key>49D4F80F193CD030007F278C</key>
		<dict>
			<key>buildConfigurations</key>
			<array>
				<string>49D4F810193CD030007F278C</string>
				<string>49D4F811193CD030007F278C</string>
			</array>
			<key>defaultConfigurationIsVisible</key>
			<string>0</string>
			<key>defaultConfigurationName</key>
			<string>Release</string>
			<key>isa</key>
			<string>XCConfigurationList</string>
		</dict>
		<key>49D4F810193CD030007F278C</key>
		<dict>
			<key>buildSettings</key>
			<dict>
				<key>ASSETCATALOG_COMPILER_APPICON_NAME</key>
				<string>AppIcon</string>
				<key>ASSETCATALOG_COMPILER_LAUNCHIMAGE_NAME</key>
				<string>LaunchImage</string>
				<key>GCC_PRECOMPILE_PREFIX_HEADER</key>
				<string>YES</string>
				<key>GCC_PREFIX_HEADER</key>
				<string>Beers/Supporting Files/Beers-Prefix.pch</string>
				<key>INFOPLIST_FILE</key>
				<string>Beers/Supporting Files/Beers-Info.plist</string>
				<key>PRODUCT_NAME</key>
				<string>$(TARGET_NAME)</string>
				<key>WRAPPER_EXTENSION</key>
				<string>app</string>
			</dict>
			<key>isa</key>
			<string>XCBuildConfiguration</string>
			<key>name</key>
			<string>Debug</string>
		</dict>
		<key>49D4F811193CD030007F278C</key>
		<dict>
			<key>buildSettings</key>
			<dict>
				<key>ASSETCATALOG_COMPILER_APPICON_NAME</key>
				<string>AppIcon</string>
				<key>ASSETCATALOG_COMPILER_LAUNCHIMAGE_NAME</key>
				<string>LaunchImage</string>
				<key>GCC_PRECOMPILE_PREFIX_HEADER</key>
				<string>YES</string>
				<key>GCC_PREFIX_HEADER</key>
				<string>Beers/Supporting Files/Beers-Prefix.pch</string>
				<key>INFOPLIST_FILE</key>
				<string>Beers/Supporting Files/Beers-Info.plist</string>
				<key>PRODUCT_NAME</key>
				<string>$(TARGET_NAME)</string>
				<key>WRAPPER_EXTENSION</key>
				<string>app</string>
			</dict>
			<key>isa</key>
			<string>XCBuildConfiguration</string>
			<key>name</key>
			<string>Release</string>
		</dict>
		<key>49D4F812193CD030007F278C</key>
		<dict>
			<key>buildConfigurations</key>
			<array>
				<string>49D4F813193CD030007F278C</string>
				<string>49D4F814193CD030007F278C</string>
			</array>
			<key>defaultConfigurationIsVisible</key>
			<string>0</string>
			<key>defaultConfigurationName</key>
			<string>Release</string>
			<key>isa</key>
			<string>XCConfigurationList</string>
		</dict>
		<key>49D4F813193CD030007F278C</key>
		<dict>
			<key>buildSettings</key>
			<dict>
				<key>BUNDLE_LOADER</key>
				<string>$(BUILT_PRODUCTS_DIR)/Beers.app/Beers</string>
				<key>FRAMEWORK_SEARCH_PATHS</key>
				<array>
					<string>$(SDKROOT)/Developer/Library/Frameworks</string>
					<string>$(inherited)</string>
					<string>$(DEVELOPER_FRAMEWORKS_DIR)</string>
				</array>
				<key>GCC_PRECOMPILE_PREFIX_HEADER</key>
				<string>YES</string>
				<key>GCC_PREFIX_HEADER</key>
				<string>Beers/Supporting Files/Beers-Prefix.pch</string>
				<key>GCC_PREPROCESSOR_DEFINITIONS</key>
				<array>
					<string>DEBUG=1</string>
					<string>$(inherited)</string>
				</array>
				<key>INFOPLIST_FILE</key>
				<string>BeersTests/Supporting Files/BeersTests-Info.plist</string>
				<key>PRODUCT_NAME</key>
				<string>$(TARGET_NAME)</string>
				<key>TEST_HOST</key>
				<string>$(BUNDLE_LOADER)</string>
				<key>WRAPPER_EXTENSION</key>
				<string>xctest</string>
			</dict>
			<key>isa</key>
			<string>XCBuildConfiguration</string>
			<key>name</key>
			<string>Debug</string>
		</dict>
		<key>49D4F814193CD030007F278C</key>
		<dict>
			<key>buildSettings</key>
			<dict>
				<key>BUNDLE_LOADER</key>
				<string>$(BUILT_PRODUCTS_DIR)/Beers.app/Beers</string>
				<key>FRAMEWORK_SEARCH_PATHS</key>
				<array>
					<string>$(SDKROOT)/Developer/Library/Frameworks</string>
					<string>$(inherited)</string>
					<string>$(DEVELOPER_FRAMEWORKS_DIR)</string>
				</array>
				<key>GCC_PRECOMPILE_PREFIX_HEADER</key>
				<string>YES</string>
				<key>GCC_PREFIX_HEADER</key>
				<string>Beers/Supporting Files/Beers-Prefix.pch</string>
				<key>INFOPLIST_FILE</key>
				<string>BeersTests/Supporting Files/BeersTests-Info.plist</string>
				<key>PRODUCT_NAME</key>
				<string>$(TARGET_NAME)</string>
				<key>TEST_HOST</key>
				<string>$(BUNDLE_LOADER)</string>
				<key>WRAPPER_EXTENSION</key>
				<string>xctest</string>
			</dict>
			<key>isa</key>
			<string>XCBuildConfiguration</string>
			<key>name</key>
			<string>Release</string>
		</dict>
		<key>49D4F815193CD20F007F278C</key>
		<dict>
			<key>fileEncoding</key>
			<string>4</string>
			<key>isa</key>
			<string>PBXFileReference</string>
			<key>lastKnownFileType</key>
			<string>sourcecode.c.h</string>
			<key>path</key>
			<string>Beer.h</string>
			<key>sourceTree</key>
			<string>&lt;group&gt;</string>
		</dict>
		<key>49D4F816193CD20F007F278C</key>
		<dict>
			<key>fileEncoding</key>
			<string>4</string>
			<key>isa</key>
			<string>PBXFileReference</string>
			<key>lastKnownFileType</key>
			<string>sourcecode.c.objc</string>
			<key>path</key>
			<string>Beer.m</string>
			<key>sourceTree</key>
			<string>&lt;group&gt;</string>
		</dict>
		<key>49D4F817193CD20F007F278C</key>
		<dict>
			<key>fileRef</key>
			<string>49D4F816193CD20F007F278C</string>
			<key>isa</key>
			<string>PBXBuildFile</string>
		</dict>
	</dict>
	<key>rootObject</key>
	<string>49D4F7DB193CD030007F278C</string>
</dict>
</plist>
